<?xml version="1.0" encoding="utf-8"?>
<Project ToolsVersion="4.0" xmlns="http://schemas.microsoft.com/developer/msbuild/2003">
  <ItemGroup>
    <ClCompile Include="pch.cpp" />
    <ClCompile Include="SimpleLabelTest.cpp">
      <Filter>Label</Filter>
    </ClCompile>
    <ClCompile Include="CapitalizeTransformationTest.cpp">
      <Filter>TextTransformation</Filter>
    </ClCompile>
    <ClCompile Include="LeftTrimTransformationTest.cpp">
      <Filter>TextTransformation</Filter>
    </ClCompile>
    <ClCompile Include="main.cpp" />
    <ClCompile Include="RightTrimTransformationTest.cpp">
      <Filter>TextTransformation</Filter>
    </ClCompile>
    <ClCompile Include="NormalizeSpaceTransformationTest.cpp">
      <Filter>TextTransformation</Filter>
    </ClCompile>
    <ClCompile Include="DecorateTransformationTest.cpp">
      <Filter>TextTransformation</Filter>
    </ClCompile>
    <ClCompile Include="CensorTransformationTest.cpp">
      <Filter>TextTransformation</Filter>
    </ClCompile>
    <ClCompile Include="ReplaceTransformationTest.cpp">
      <Filter>TextTransformation</Filter>
    </ClCompile>
    <ClCompile Include="TextTransformationDecoratorTest.cpp">
      <Filter>Decorator</Filter>
    </ClCompile>
    <ClCompile Include="RotatingTransformationDecoratorTest.cpp">
      <Filter>Decorator</Filter>
    </ClCompile>
    <ClCompile Include="RandomTransformationDecoratorTest.cpp">
      <Filter>Decorator</Filter>
    </ClCompile>
    <ClCompile Include="ProxyLabelTest.cpp">
      <Filter>Label</Filter>
    </ClCompile>
    <ClCompile Include="RichLabelTest.cpp">
      <Filter>Label</Filter>
    </ClCompile>
    <ClCompile Include="HelpLabelTest.cpp">
      <Filter>Label</Filter>
    </ClCompile>
    <ClCompile Include="CompositeTransformationTest.cpp">
      <Filter>TextTransformation\Composites</Filter>
    </ClCompile>
    <ClCompile Include="CensorTransformationFactoryTest.cpp">
      <Filter>Factory</Filter>
    </ClCompile>
    <ClCompile Include="TextTransformationFactory.cpp">
      <Filter>Factory</Filter>
    </ClCompile>
  </ItemGroup>
  <ItemGroup>
    <ClInclude Include="pch.h" />
  </ItemGroup>
  <ItemGroup>
    <Filter Include="Label">
      <UniqueIdentifier>{54ea01a1-e84d-4320-8f6b-6a9dd3696d96}</UniqueIdentifier>
    </Filter>
    <Filter Include="TextTransformation">
      <UniqueIdentifier>{e3c982ea-7e01-49d0-8626-6545bf588cfa}</UniqueIdentifier>
    </Filter>
    <Filter Include="Decorator">
      <UniqueIdentifier>{ecf036d8-9f2a-48a0-8cc5-e765734e042d}</UniqueIdentifier>
    </Filter>
    <Filter Include="TextTransformation\Composites">
      <UniqueIdentifier>{700872b4-4d11-43b2-bf3c-227fad33b658}</UniqueIdentifier>
    </Filter>
    <Filter Include="Factory">
      <UniqueIdentifier>{463a9e15-7832-4d7f-9189-18006c7228e6}</UniqueIdentifier>
    </Filter>
  </ItemGroup>
  <ItemGroup>
    <None Include="packages.config" />
  </ItemGroup>
</Project>