<?xml version="1.0" encoding="utf-8"?>
<Project ToolsVersion="4.0" xmlns="http://schemas.microsoft.com/developer/msbuild/2003">
  <ItemGroup>
    <Filter Include="Source Files">
      <UniqueIdentifier>{4FC737F1-C7A5-4376-A066-2A32D752A2FF}</UniqueIdentifier>
      <Extensions>cpp;c;cc;cxx;c++;cppm;ixx;def;odl;idl;hpj;bat;asm;asmx</Extensions>
    </Filter>
    <Filter Include="Header Files">
      <UniqueIdentifier>{93995380-89BD-4b04-88EB-625FBE52EBFB}</UniqueIdentifier>
      <Extensions>h;hh;hpp;hxx;h++;hm;inl;inc;ipp;xsd</Extensions>
    </Filter>
    <Filter Include="Resource Files">
      <UniqueIdentifier>{67DA6AB6-F800-4c08-8B7A-83BB121AAD01}</UniqueIdentifier>
      <Extensions>rc;ico;cur;bmp;dlg;rc2;rct;bin;rgs;gif;jpg;jpeg;jpe;resx;tiff;tif;png;wav;mfcribbon-ms</Extensions>
    </Filter>
    <Filter Include="Header Files\Interfaces">
      <UniqueIdentifier>{bfff05ca-7bd0-4f2a-b463-2cd6abb7d525}</UniqueIdentifier>
    </Filter>
    <Filter Include="Header Files\Concretes">
      <UniqueIdentifier>{5f0c767c-23c6-431a-9008-ac2abdcc1952}</UniqueIdentifier>
    </Filter>
    <Filter Include="Source Files\FileTreeElements">
      <UniqueIdentifier>{79e49c1c-5c69-4cfd-83d0-8c88a3fbebcc}</UniqueIdentifier>
    </Filter>
    <Filter Include="Source Files\ChecksumCalculations">
      <UniqueIdentifier>{dcd64ecf-6868-4ead-a3a8-973f653153f8}</UniqueIdentifier>
    </Filter>
    <Filter Include="Source Files\Builders">
      <UniqueIdentifier>{ec0b4ef7-dca5-4616-ad75-2f4d440fdef4}</UniqueIdentifier>
    </Filter>
    <Filter Include="Source Files\Visitors">
      <UniqueIdentifier>{73f9a6a6-3287-429e-b19a-5edefa5783d4}</UniqueIdentifier>
    </Filter>
    <Filter Include="Source Files\Observers">
      <UniqueIdentifier>{2a36c886-2640-4270-830b-fb7c30de9fbb}</UniqueIdentifier>
    </Filter>
  </ItemGroup>
  <ItemGroup>
    <ClCompile Include="main.cpp">
      <Filter>Source Files</Filter>
    </ClCompile>
    <ClCompile Include="Directory.cpp">
      <Filter>Source Files\FileTreeElements</Filter>
    </ClCompile>
    <ClCompile Include="RegularFile.cpp">
      <Filter>Source Files\FileTreeElements</Filter>
    </ClCompile>
    <ClCompile Include="FileTreeElement.cpp">
      <Filter>Source Files\FileTreeElements</Filter>
    </ClCompile>
    <ClCompile Include="MD5ChecksumCalculation.cpp">
      <Filter>Source Files\ChecksumCalculations</Filter>
    </ClCompile>
    <ClCompile Include="SHA256ChecksumCalculation.cpp">
      <Filter>Source Files\ChecksumCalculations</Filter>
    </ClCompile>
    <ClCompile Include="NoFollowLinksBuilder.cpp">
      <Filter>Source Files\Builders</Filter>
    </ClCompile>
    <ClCompile Include="FollowLinksBuilder.cpp">
      <Filter>Source Files\Builders</Filter>
    </ClCompile>
    <ClCompile Include="HashStreamWriter.cpp">
      <Filter>Source Files\Visitors</Filter>
    </ClCompile>
    <ClCompile Include="ReportWriter.cpp">
      <Filter>Source Files\Visitors</Filter>
    </ClCompile>
    <ClCompile Include="ObservableBase.cpp">
      <Filter>Source Files\Observers</Filter>
    </ClCompile>
    <ClCompile Include="ProgressReporter.cpp">
      <Filter>Source Files\Observers</Filter>
    </ClCompile>
  </ItemGroup>
  <ItemGroup>
    <ClInclude Include="ChecksumCalculationBase.h">
      <Filter>Header Files\Interfaces</Filter>
    </ClInclude>
    <ClInclude Include="MD5ChecksumCalculation.h">
      <Filter>Header Files\Concretes</Filter>
    </ClInclude>
    <ClInclude Include="SHA256ChecksumCalculation.h">
      <Filter>Header Files\Concretes</Filter>
    </ClInclude>
    <ClInclude Include="FileTreeElement.h">
      <Filter>Header Files\Interfaces</Filter>
    </ClInclude>
    <ClInclude Include="RegularFile.h">
      <Filter>Header Files\Concretes</Filter>
    </ClInclude>
    <ClInclude Include="Directory.h">
      <Filter>Header Files\Concretes</Filter>
    </ClInclude>
    <ClInclude Include="BuilderBase.h">
      <Filter>Header Files\Interfaces</Filter>
    </ClInclude>
    <ClInclude Include="NoFollowLinksBuilder.h">
      <Filter>Header Files\Concretes</Filter>
    </ClInclude>
    <ClInclude Include="FollowLinksBuilder.h">
      <Filter>Header Files\Concretes</Filter>
    </ClInclude>
    <ClInclude Include="VisitorBase.h">
      <Filter>Header Files\Interfaces</Filter>
    </ClInclude>
    <ClInclude Include="HashStreamWriter.h">
      <Filter>Header Files\Concretes</Filter>
    </ClInclude>
    <ClInclude Include="ObserverBase.h">
      <Filter>Header Files\Interfaces</Filter>
    </ClInclude>
    <ClInclude Include="ObservableBase.h">
      <Filter>Header Files\Interfaces</Filter>
    </ClInclude>
    <ClInclude Include="ProgressReporter.h">
      <Filter>Header Files\Concretes</Filter>
    </ClInclude>
    <ClInclude Include="ReportWriter.h">
      <Filter>Header Files\Concretes</Filter>
    </ClInclude>
  </ItemGroup>
</Project>