<?xml version="1.0" encoding="utf-8"?>
<Project ToolsVersion="4.0" xmlns="http://schemas.microsoft.com/developer/msbuild/2003">
  <ItemGroup>
    <Filter Include="Source Files">
      <UniqueIdentifier>{4FC737F1-C7A5-4376-A066-2A32D752A2FF}</UniqueIdentifier>
      <Extensions>cpp;c;cc;cxx;c++;cppm;ixx;def;odl;idl;hpj;bat;asm;asmx</Extensions>
    </Filter>
    <Filter Include="Header Files">
      <UniqueIdentifier>{93995380-89BD-4b04-88EB-625FBE52EBFB}</UniqueIdentifier>
      <Extensions>h;hh;hpp;hxx;h++;hm;inl;inc;ipp;xsd</Extensions>
    </Filter>
    <Filter Include="Resource Files">
      <UniqueIdentifier>{67DA6AB6-F800-4c08-8B7A-83BB121AAD01}</UniqueIdentifier>
      <Extensions>rc;ico;cur;bmp;dlg;rc2;rct;bin;rgs;gif;jpg;jpeg;jpe;resx;tiff;tif;png;wav;mfcribbon-ms</Extensions>
    </Filter>
    <Filter Include="Header Files\Interfaces">
      <UniqueIdentifier>{bfff05ca-7bd0-4f2a-b463-2cd6abb7d525}</UniqueIdentifier>
    </Filter>
    <Filter Include="Header Files\Concretes">
      <UniqueIdentifier>{5f0c767c-23c6-431a-9008-ac2abdcc1952}</UniqueIdentifier>
    </Filter>
    <Filter Include="Source Files\FileTreeElements">
      <UniqueIdentifier>{79e49c1c-5c69-4cfd-83d0-8c88a3fbebcc}</UniqueIdentifier>
    </Filter>
    <Filter Include="Source Files\ChecksumCalculations">
      <UniqueIdentifier>{dcd64ecf-6868-4ead-a3a8-973f653153f8}</UniqueIdentifier>
    </Filter>
    <Filter Include="Source Files\Builders">
      <UniqueIdentifier>{ec0b4ef7-dca5-4616-ad75-2f4d440fdef4}</UniqueIdentifier>
    </Filter>
    <Filter Include="Source Files\Visitors">
      <UniqueIdentifier>{73f9a6a6-3287-429e-b19a-5edefa5783d4}</UniqueIdentifier>
    </Filter>
    <Filter Include="Source Files\Observers">
      <UniqueIdentifier>{2a36c886-2640-4270-830b-fb7c30de9fbb}</UniqueIdentifier>
    </Filter>
    <Filter Include="Source Files\Messages">
      <UniqueIdentifier>{7e4473de-86d8-427f-823d-cff4a4f735ad}</UniqueIdentifier>
    </Filter>
    <Filter Include="Header Files\Concretes\Messages">
      <UniqueIdentifier>{3495b90c-97cf-413a-b23a-f7009adea0f7}</UniqueIdentifier>
    </Filter>
    <Filter Include="Header Files\Concretes\Observers">
      <UniqueIdentifier>{469165ec-2ee1-4d33-bbbc-3d2a43a78f3f}</UniqueIdentifier>
    </Filter>
    <Filter Include="Header Files\Concretes\Visitors">
      <UniqueIdentifier>{080a47c4-3ba1-48a7-8592-9e89276f0309}</UniqueIdentifier>
    </Filter>
    <Filter Include="Header Files\Concretes\FileTreeElements">
      <UniqueIdentifier>{b538a56a-3f34-4a0f-bcc3-bfe124a2d3c2}</UniqueIdentifier>
    </Filter>
    <Filter Include="Header Files\Concretes\Builders">
      <UniqueIdentifier>{15c9217f-7d9e-43b3-be6d-7f8cb57b6055}</UniqueIdentifier>
    </Filter>
    <Filter Include="Header Files\Concretes\ChecksumCalculations">
      <UniqueIdentifier>{0f86d9a5-c4be-4ad1-a8df-db41e132d2a0}</UniqueIdentifier>
    </Filter>
    <Filter Include="Header Files\Concretes\Mementos">
      <UniqueIdentifier>{5ec790b7-01a3-439a-bf60-fc0d1aa6fe21}</UniqueIdentifier>
    </Filter>
    <Filter Include="Source Files\Mementos">
      <UniqueIdentifier>{9df7799b-13af-4922-82eb-6b1ded3c6f2a}</UniqueIdentifier>
    </Filter>
    <Filter Include="Header Files\Concretes\Scanners">
      <UniqueIdentifier>{ad44da70-c9c2-439f-b4c3-abdf22b0ca21}</UniqueIdentifier>
    </Filter>
    <Filter Include="Source Files\Scanners">
      <UniqueIdentifier>{f6c7fda3-5214-4acf-b130-1b362a3cf4c5}</UniqueIdentifier>
    </Filter>
    <Filter Include="Header Files\Concretes\Factories">
      <UniqueIdentifier>{d7bd908e-5fb5-4a63-af6b-92403e3ada1b}</UniqueIdentifier>
    </Filter>
    <Filter Include="Source Files\Factories">
      <UniqueIdentifier>{24b69ef6-5fcb-42cb-9b8d-95b9ab6f65f7}</UniqueIdentifier>
    </Filter>
  </ItemGroup>
  <ItemGroup>
    <ClCompile Include="main.cpp">
      <Filter>Source Files</Filter>
    </ClCompile>
    <ClCompile Include="Directory.cpp">
      <Filter>Source Files\FileTreeElements</Filter>
    </ClCompile>
    <ClCompile Include="RegularFile.cpp">
      <Filter>Source Files\FileTreeElements</Filter>
    </ClCompile>
    <ClCompile Include="FileTreeElement.cpp">
      <Filter>Source Files\FileTreeElements</Filter>
    </ClCompile>
    <ClCompile Include="MD5ChecksumCalculation.cpp">
      <Filter>Source Files\ChecksumCalculations</Filter>
    </ClCompile>
    <ClCompile Include="SHA256ChecksumCalculation.cpp">
      <Filter>Source Files\ChecksumCalculations</Filter>
    </ClCompile>
    <ClCompile Include="NoFollowLinksBuilder.cpp">
      <Filter>Source Files\Builders</Filter>
    </ClCompile>
    <ClCompile Include="FollowLinksBuilder.cpp">
      <Filter>Source Files\Builders</Filter>
    </ClCompile>
    <ClCompile Include="HashStreamWriter.cpp">
      <Filter>Source Files\Visitors</Filter>
    </ClCompile>
    <ClCompile Include="ReportWriter.cpp">
      <Filter>Source Files\Visitors</Filter>
    </ClCompile>
    <ClCompile Include="ObservableBase.cpp">
      <Filter>Source Files\Observers</Filter>
    </ClCompile>
    <ClCompile Include="ProgressReporter.cpp">
      <Filter>Source Files\Observers</Filter>
    </ClCompile>
    <ClCompile Include="FileMessage.cpp">
      <Filter>Source Files\Messages</Filter>
    </ClCompile>
    <ClCompile Include="BytesMessage.cpp">
      <Filter>Source Files\Messages</Filter>
    </ClCompile>
    <ClCompile Include="HashStreamWriterMemento.cpp">
      <Filter>Source Files\Mementos</Filter>
    </ClCompile>
    <ClCompile Include="ProgressReporterMemento.cpp">
      <Filter>Source Files\Mementos</Filter>
    </ClCompile>
    <ClCompile Include="PauseScanner.cpp">
      <Filter>Source Files\Scanners</Filter>
    </ClCompile>
    <ClCompile Include="ScannerMessage.cpp">
      <Filter>Source Files\Messages</Filter>
    </ClCompile>
    <ClCompile Include="StreamChecksumCalculationFactory.cpp">
      <Filter>Source Files\Factories</Filter>
    </ClCompile>
  </ItemGroup>
  <ItemGroup>
    <ClInclude Include="ChecksumCalculationBase.h">
      <Filter>Header Files\Interfaces</Filter>
    </ClInclude>
    <ClInclude Include="FileTreeElement.h">
      <Filter>Header Files\Interfaces</Filter>
    </ClInclude>
    <ClInclude Include="BuilderBase.h">
      <Filter>Header Files\Interfaces</Filter>
    </ClInclude>
    <ClInclude Include="VisitorBase.h">
      <Filter>Header Files\Interfaces</Filter>
    </ClInclude>
    <ClInclude Include="ObserverBase.h">
      <Filter>Header Files\Interfaces</Filter>
    </ClInclude>
    <ClInclude Include="ObservableBase.h">
      <Filter>Header Files\Interfaces</Filter>
    </ClInclude>
    <ClInclude Include="Message.h">
      <Filter>Header Files\Interfaces</Filter>
    </ClInclude>
    <ClInclude Include="FileMessage.h">
      <Filter>Header Files\Concretes\Messages</Filter>
    </ClInclude>
    <ClInclude Include="BytesMessage.h">
      <Filter>Header Files\Concretes\Messages</Filter>
    </ClInclude>
    <ClInclude Include="FollowLinksBuilder.h">
      <Filter>Header Files\Concretes\Builders</Filter>
    </ClInclude>
    <ClInclude Include="NoFollowLinksBuilder.h">
      <Filter>Header Files\Concretes\Builders</Filter>
    </ClInclude>
    <ClInclude Include="Directory.h">
      <Filter>Header Files\Concretes\FileTreeElements</Filter>
    </ClInclude>
    <ClInclude Include="RegularFile.h">
      <Filter>Header Files\Concretes\FileTreeElements</Filter>
    </ClInclude>
    <ClInclude Include="SHA256ChecksumCalculation.h">
      <Filter>Header Files\Concretes\ChecksumCalculations</Filter>
    </ClInclude>
    <ClInclude Include="MD5ChecksumCalculation.h">
      <Filter>Header Files\Concretes\ChecksumCalculations</Filter>
    </ClInclude>
    <ClInclude Include="HashStreamWriter.h">
      <Filter>Header Files\Concretes\Visitors</Filter>
    </ClInclude>
    <ClInclude Include="ProgressReporter.h">
      <Filter>Header Files\Concretes\Observers</Filter>
    </ClInclude>
    <ClInclude Include="ReportWriter.h">
      <Filter>Header Files\Concretes\Visitors</Filter>
    </ClInclude>
    <ClInclude Include="HashStreamWriterMemento.h">
      <Filter>Header Files\Concretes\Mementos</Filter>
    </ClInclude>
    <ClInclude Include="ProgressReporterMemento.h">
      <Filter>Header Files\Concretes\Mementos</Filter>
    </ClInclude>
    <ClInclude Include="PauseScanner.h">
      <Filter>Header Files\Concretes\Scanners</Filter>
    </ClInclude>
    <ClInclude Include="ScannerMessage.h">
      <Filter>Header Files\Concretes\Messages</Filter>
    </ClInclude>
    <ClInclude Include="ChecksumCalculationFactory.h">
      <Filter>Header Files\Interfaces</Filter>
    </ClInclude>
    <ClInclude Include="StreamChecksumCalculationFactory.h">
      <Filter>Header Files\Concretes\Factories</Filter>
    </ClInclude>
  </ItemGroup>
</Project>