<?xml version="1.0" encoding="utf-8"?>
<Project ToolsVersion="4.0" xmlns="http://schemas.microsoft.com/developer/msbuild/2003">
  <ItemGroup>
    <Filter Include="Source Files">
      <UniqueIdentifier>{4FC737F1-C7A5-4376-A066-2A32D752A2FF}</UniqueIdentifier>
      <Extensions>cpp;c;cc;cxx;c++;cppm;ixx;def;odl;idl;hpj;bat;asm;asmx</Extensions>
    </Filter>
    <Filter Include="Header Files">
      <UniqueIdentifier>{93995380-89BD-4b04-88EB-625FBE52EBFB}</UniqueIdentifier>
      <Extensions>h;hh;hpp;hxx;h++;hm;inl;inc;ipp;xsd</Extensions>
    </Filter>
    <Filter Include="Resource Files">
      <UniqueIdentifier>{67DA6AB6-F800-4c08-8B7A-83BB121AAD01}</UniqueIdentifier>
      <Extensions>rc;ico;cur;bmp;dlg;rc2;rct;bin;rgs;gif;jpg;jpeg;jpe;resx;tiff;tif;png;wav;mfcribbon-ms</Extensions>
    </Filter>
    <Filter Include="Header Files\Interfaces">
      <UniqueIdentifier>{7cba5193-e9b6-439a-a9f5-d19d0861eb0f}</UniqueIdentifier>
    </Filter>
    <Filter Include="Header Files\Concretes">
      <UniqueIdentifier>{3751f707-5312-4460-8999-eccb3f051a71}</UniqueIdentifier>
    </Filter>
    <Filter Include="Source Files\Concretes">
      <UniqueIdentifier>{e2655a0a-6c44-405a-9086-8922790e7603}</UniqueIdentifier>
    </Filter>
    <Filter Include="Header Files\Concretes\FigureFactory">
      <UniqueIdentifier>{ef8640a5-7ee0-4e77-bb4c-fec07d45f524}</UniqueIdentifier>
    </Filter>
    <Filter Include="Header Files\Concretes\Figure">
      <UniqueIdentifier>{a6265f77-6d10-4233-8b00-ff1d6408db9d}</UniqueIdentifier>
    </Filter>
    <Filter Include="Source Files\Concretes\Figure">
      <UniqueIdentifier>{3110f548-a6a0-467a-bb07-67047283610b}</UniqueIdentifier>
    </Filter>
    <Filter Include="Source Files\Concretes\FigureFactory">
      <UniqueIdentifier>{17f6949c-1347-4326-b746-e2e37b5e7fca}</UniqueIdentifier>
    </Filter>
    <Filter Include="Source Files\Concretes\InputFactory">
      <UniqueIdentifier>{0df1f693-0d86-4f59-9a97-2c9295e85696}</UniqueIdentifier>
    </Filter>
    <Filter Include="Source Files\Concretes\RandomGenerator">
      <UniqueIdentifier>{7a5cf504-b29e-4f1e-b04d-65a9f605d3fc}</UniqueIdentifier>
    </Filter>
    <Filter Include="Header Files\Concretes\UserInputFactory">
      <UniqueIdentifier>{bb223cad-7d5f-46c3-9d2c-ebd24ced2f67}</UniqueIdentifier>
    </Filter>
  </ItemGroup>
  <ItemGroup>
    <ClCompile Include="main.cpp">
      <Filter>Source Files</Filter>
    </ClCompile>
    <ClCompile Include="Utils.cpp">
      <Filter>Source Files</Filter>
    </ClCompile>
    <ClCompile Include="Rectangle.h">
      <Filter>Header Files\Concretes\Figure</Filter>
    </ClCompile>
    <ClCompile Include="RandomFigureFactory.h">
      <Filter>Header Files\Concretes\FigureFactory</Filter>
    </ClCompile>
    <ClCompile Include="Circle.cpp">
      <Filter>Source Files\Concretes\Figure</Filter>
    </ClCompile>
    <ClCompile Include="Rectangle.cpp">
      <Filter>Source Files\Concretes\Figure</Filter>
    </ClCompile>
    <ClCompile Include="Triangle.cpp">
      <Filter>Source Files\Concretes\Figure</Filter>
    </ClCompile>
    <ClCompile Include="RandomFigureFactory.cpp">
      <Filter>Source Files\Concretes\FigureFactory</Filter>
    </ClCompile>
    <ClCompile Include="StreamFigureFactory.cpp">
      <Filter>Source Files\Concretes\FigureFactory</Filter>
    </ClCompile>
    <ClCompile Include="UserInputFactory.cpp">
      <Filter>Source Files\Concretes\InputFactory</Filter>
    </ClCompile>
    <ClCompile Include="DoubleGenerator.cpp">
      <Filter>Source Files\Concretes\RandomGenerator</Filter>
    </ClCompile>
    <ClCompile Include="Engine.cpp">
      <Filter>Source Files</Filter>
    </ClCompile>
  </ItemGroup>
  <ItemGroup>
    <ClInclude Include="Figure.h">
      <Filter>Header Files\Interfaces</Filter>
    </ClInclude>
    <ClInclude Include="Utils.h">
      <Filter>Header Files</Filter>
    </ClInclude>
    <ClInclude Include="FigureFactory.h">
      <Filter>Header Files\Interfaces</Filter>
    </ClInclude>
    <ClInclude Include="Circle.h">
      <Filter>Header Files\Concretes\Figure</Filter>
    </ClInclude>
    <ClInclude Include="Triangle.h">
      <Filter>Header Files\Concretes\Figure</Filter>
    </ClInclude>
    <ClInclude Include="StreamFigureFactory.h">
      <Filter>Header Files\Concretes\FigureFactory</Filter>
    </ClInclude>
    <ClInclude Include="FigureType.h">
      <Filter>Header Files</Filter>
    </ClInclude>
    <ClInclude Include="UserInputFactory.h">
      <Filter>Header Files\Concretes\UserInputFactory</Filter>
    </ClInclude>
    <ClInclude Include="Engine.h">
      <Filter>Header Files</Filter>
    </ClInclude>
  </ItemGroup>
</Project>